
Microsoft Visual Studio Solution File, Format Version 12.00
Project("{FAE04EC0-301F-11D3-BF4B-00C04F79EFBC}") = "Chase.SerilogExtension", "Chase.SerilogExtension\Chase.SerilogExtension.csproj", "{957CDA0C-F806-48B1-BA99-2C6942D0A04E}"
EndProject
Project("{2150E333-8FDC-42A3-9474-1A3956D46DE8}") = "Example", "Example", "{912391B7-8105-4BC3-88A7-9F2F404DC6D2}"
EndProject
Project("{FAE04EC0-301F-11D3-BF4B-00C04F79EFBC}") = "Example", "Example\Example.csproj", "{B1B2F1D9-2731-40C6-A65A-33A92257552B}"
EndProject
Global
	GlobalSection(SolutionConfigurationPlatforms) = preSolution
		Debug|Any CPU = Debug|Any CPU
		Release|Any CPU = Release|Any CPU
	EndGlobalSection
	GlobalSection(ProjectConfigurationPlatforms) = postSolution
		{957CDA0C-F806-48B1-BA99-2C6942D0A04E}.Debug|Any CPU.ActiveCfg = Debug|Any CPU
		{957CDA0C-F806-48B1-BA99-2C6942D0A04E}.Debug|Any CPU.Build.0 = Debug|Any CPU
		{957CDA0C-F806-48B1-BA99-2C6942D0A04E}.Release|Any CPU.ActiveCfg = Release|Any CPU
		{957CDA0C-F806-48B1-BA99-2C6942D0A04E}.Release|Any CPU.Build.0 = Release|Any CPU
		{B1B2F1D9-2731-40C6-A65A-33A92257552B}.Debug|Any CPU.ActiveCfg = Debug|Any CPU
		{B1B2F1D9-2731-40C6-A65A-33A92257552B}.Debug|Any CPU.Build.0 = Debug|Any CPU
		{B1B2F1D9-2731-40C6-A65A-33A92257552B}.Release|Any CPU.ActiveCfg = Release|Any CPU
		{B1B2F1D9-2731-40C6-A65A-33A92257552B}.Release|Any CPU.Build.0 = Release|Any CPU
	EndGlobalSection
	GlobalSection(NestedProjects) = preSolution
		{B1B2F1D9-2731-40C6-A65A-33A92257552B} = {912391B7-8105-4BC3-88A7-9F2F404DC6D2}
	EndGlobalSection
EndGlobal
